
Microsoft Visual Studio Solution File, Format Version 12.00
# Visual Studio Version 17
VisualStudioVersion = 17.4.33122.133
MinimumVisualStudioVersion = 10.0.40219.1
Project("{FAE04EC0-301F-11D3-BF4B-00C04F79EFBC}") = "AppInsightsTraceWarning", "AppInsightsTraceWarning\AppInsightsTraceWarning.csproj", "{7E1362DE-0AA8-427A-AD64-C0D0DA467035}"
EndProject
Global
	GlobalSection(SolutionConfigurationPlatforms) = preSolution
		Debug|Any CPU = Debug|Any CPU
		Release|Any CPU = Release|Any CPU
	EndGlobalSection
	GlobalSection(ProjectConfigurationPlatforms) = postSolution
		{7E1362DE-0AA8-427A-AD64-C0D0DA467035}.Debug|Any CPU.ActiveCfg = Debug|Any CPU
		{7E1362DE-0AA8-427A-AD64-C0D0DA467035}.Debug|Any CPU.Build.0 = Debug|Any CPU
		{7E1362DE-0AA8-427A-AD64-C0D0DA467035}.Release|Any CPU.ActiveCfg = Release|Any CPU
		{7E1362DE-0AA8-427A-AD64-C0D0DA467035}.Release|Any CPU.Build.0 = Release|Any CPU
	EndGlobalSection
	GlobalSection(SolutionProperties) = preSolution
		HideSolutionNode = FALSE
	EndGlobalSection
	GlobalSection(ExtensibilityGlobals) = postSolution
		SolutionGuid = {7E4C9E7E-1DD6-4253-AAB1-81F1D056AD67}
	EndGlobalSection
EndGlobal
